{
  "requires": true,
  "lockfileVersion": 1,
  "dependencies": {
    "@microsoft/applicationinsights-analytics-js": {
      "version": "2.6.2",
      "resolved": "https://registry.npmjs.org/@microsoft/applicationinsights-analytics-js/-/applicationinsights-analytics-js-2.6.2.tgz",
      "integrity": "sha512-NJxq8WmuskmAZHXakAbd8u81LztnJzb0+bAcupENosDpf7RTneWYBt+r8W7qcjgMdjcXNvrs6fCWCdoe916uvg==",
      "requires": {
        "@microsoft/applicationinsights-common": "2.6.2",
        "@microsoft/applicationinsights-core-js": "2.6.2",
        "@microsoft/applicationinsights-shims": "2.0.0",
        "@microsoft/dynamicproto-js": "^1.1.2"
      }
    },
    "@microsoft/applicationinsights-channel-js": {
      "version": "2.6.2",
      "resolved": "https://registry.npmjs.org/@microsoft/applicationinsights-channel-js/-/applicationinsights-channel-js-2.6.2.tgz",
      "integrity": "sha512-G3htDoVM8SVqxS5wdM74TytjFEnVcY9UsZNVYK5U/Ln4J28N26kfQQ5sOmgszDB1JEhPmY4SYPhw3nGWzn8Iog==",
      "requires": {
        "@microsoft/applicationinsights-common": "2.6.2",
        "@microsoft/applicationinsights-core-js": "2.6.2",
        "@microsoft/applicationinsights-shims": "2.0.0",
        "@microsoft/dynamicproto-js": "^1.1.2"
      }
    },
    "@microsoft/applicationinsights-common": {
      "version": "2.6.2",
      "resolved": "https://registry.npmjs.org/@microsoft/applicationinsights-common/-/applicationinsights-common-2.6.2.tgz",
      "integrity": "sha512-BiLUGig0XCwZlafhxQ0SS+5nstFxE4t4HnNQGFiTnIOlPFHQCmLP04vLEg/MHNldNlz3Y00ivcGZ/ZN75dcdeA==",
      "requires": {
        "@microsoft/applicationinsights-core-js": "2.6.2",
        "@microsoft/applicationinsights-shims": "2.0.0",
        "@microsoft/dynamicproto-js": "^1.1.2"
      }
    },
    "@microsoft/applicationinsights-core-js": {
      "version": "2.6.2",
      "resolved": "https://registry.npmjs.org/@microsoft/applicationinsights-core-js/-/applicationinsights-core-js-2.6.2.tgz",
      "integrity": "sha512-CwVIMqtPc7QDf3pgwIWRzUhByTE3ViZqC/bQawI6/czqFe3RHqMk11EH07a1RrlvSkb2uAjdlEv4HFe5DadgjA==",
      "requires": {
        "@microsoft/applicationinsights-shims": "2.0.0",
        "@microsoft/dynamicproto-js": "^1.1.2"
      }
    },
    "@microsoft/applicationinsights-dependencies-js": {
      "version": "2.6.2",
      "resolved": "https://registry.npmjs.org/@microsoft/applicationinsights-dependencies-js/-/applicationinsights-dependencies-js-2.6.2.tgz",
      "integrity": "sha512-m7imMpPE3mG2fWyWxbA8CoqYFwF3aZTdPckyzAS9cVJ7mSaq1pEwZNW3gqedJZPt4cUHw58BZr+E7E9g9Z0bGg==",
      "requires": {
        "@microsoft/applicationinsights-common": "2.6.2",
        "@microsoft/applicationinsights-core-js": "2.6.2",
        "@microsoft/applicationinsights-shims": "2.0.0",
        "@microsoft/dynamicproto-js": "^1.1.2"
      }
    },
    "@microsoft/applicationinsights-properties-js": {
      "version": "2.6.2",
      "resolved": "https://registry.npmjs.org/@microsoft/applicationinsights-properties-js/-/applicationinsights-properties-js-2.6.2.tgz",
      "integrity": "sha512-8g6GrwzGNUuDr84uY/D8d53ldwkXJjeswCUfFufbiinxJ2Md/Dapg+1HJ9SBvDtkDkokcJJoQ+OJPXl2EhjZQQ==",
      "requires": {
        "@microsoft/applicationinsights-common": "2.6.2",
        "@microsoft/applicationinsights-core-js": "2.6.2",
        "@microsoft/applicationinsights-shims": "2.0.0",
        "@microsoft/dynamicproto-js": "^1.1.2"
      }
    },
    "@microsoft/applicationinsights-shims": {
      "version": "2.0.0",
      "resolved": "https://registry.npmjs.org/@microsoft/applicationinsights-shims/-/applicationinsights-shims-2.0.0.tgz",
      "integrity": "sha512-OaKew7f7acuNFgKYjMSPrRTRQi93xUyONWeeCeBlJSx7oRNJaL0TqbTvW6j5GHnSr3mhinPtAQ+rCQWASBnOrg=="
    },
    "@microsoft/applicationinsights-web": {
      "version": "2.6.2",
      "resolved": "https://registry.npmjs.org/@microsoft/applicationinsights-web/-/applicationinsights-web-2.6.2.tgz",
      "integrity": "sha512-JkBr5gX/l9C4HQxtvOeowZeQW6jlqotWgCMhpIryWqfX2Fx3m5Q0RVSYo7vCHbk2JrJbzcBd+EH7Par/XOgrgw==",
      "requires": {
        "@microsoft/applicationinsights-analytics-js": "2.6.2",
        "@microsoft/applicationinsights-channel-js": "2.6.2",
        "@microsoft/applicationinsights-common": "2.6.2",
        "@microsoft/applicationinsights-core-js": "2.6.2",
        "@microsoft/applicationinsights-dependencies-js": "2.6.2",
        "@microsoft/applicationinsights-properties-js": "2.6.2",
        "@microsoft/applicationinsights-shims": "2.0.0",
        "@microsoft/dynamicproto-js": "^1.1.2"
      }
    },
    "@microsoft/dynamicproto-js": {
      "version": "1.1.2",
      "resolved": "https://registry.npmjs.org/@microsoft/dynamicproto-js/-/dynamicproto-js-1.1.2.tgz",
      "integrity": "sha512-lKhE+Jc8l4shvYF4C++WAMXpufxpQzBA/OoAAUq7kEPu5e+X+Cj2H8gGRobgz5eyrw3fGfpwUf2+4mfgmYMSLA==",
      "requires": {
        "findup-sync": "^4.0.0",
        "nopt": "^5.0.0",
        "pify": "^2.3.0"
      }
    },
    "abbrev": {
      "version": "1.1.1",
      "resolved": "https://registry.npmjs.org/abbrev/-/abbrev-1.1.1.tgz",
      "integrity": "sha512-nne9/IiQ/hzIhY6pdDnbBtz7DjPTKrY00P/zvPSm5pOFkl6xuGrGnXn/VtTNNfNtAfZ9/1RtehkszU9qcTii0Q=="
    },
    "braces": {
      "version": "3.0.2",
      "resolved": "https://registry.npmjs.org/braces/-/braces-3.0.2.tgz",
      "integrity": "sha512-b8um+L1RzM3WDSzvhm6gIz1yfTbBt6YTlcEKAvsmqCZZFw46z626lVj9j1yEPW33H5H+lBQpZMP1k8l+78Ha0A==",
      "requires": {
        "fill-range": "^7.0.1"
      }
    },
    "detect-file": {
      "version": "1.0.0",
      "resolved": "https://registry.npmjs.org/detect-file/-/detect-file-1.0.0.tgz",
      "integrity": "sha1-8NZtA2cqglyxtzvbP+YjEMjlUrc="
    },
    "expand-tilde": {
      "version": "2.0.2",
      "resolved": "https://registry.npmjs.org/expand-tilde/-/expand-tilde-2.0.2.tgz",
      "integrity": "sha1-l+gBqgUt8CRU3kawK/YhZCzchQI=",
      "requires": {
        "homedir-polyfill": "^1.0.1"
      }
    },
    "fill-range": {
      "version": "7.0.1",
      "resolved": "https://registry.npmjs.org/fill-range/-/fill-range-7.0.1.tgz",
      "integrity": "sha512-qOo9F+dMUmC2Lcb4BbVvnKJxTPjCm+RRpe4gDuGrzkL7mEVl/djYSu2OdQ2Pa302N4oqkSg9ir6jaLWJ2USVpQ==",
      "requires": {
        "to-regex-range": "^5.0.1"
      }
    },
    "findup-sync": {
      "version": "4.0.0",
      "resolved": "https://registry.npmjs.org/findup-sync/-/findup-sync-4.0.0.tgz",
      "integrity": "sha512-6jvvn/12IC4quLBL1KNokxC7wWTvYncaVUYSoxWw7YykPLuRrnv4qdHcSOywOI5RpkOVGeQRtWM8/q+G6W6qfQ==",
      "requires": {
        "detect-file": "^1.0.0",
        "is-glob": "^4.0.0",
        "micromatch": "^4.0.2",
        "resolve-dir": "^1.0.1"
      }
    },
    "global-modules": {
      "version": "1.0.0",
      "resolved": "https://registry.npmjs.org/global-modules/-/global-modules-1.0.0.tgz",
      "integrity": "sha512-sKzpEkf11GpOFuw0Zzjzmt4B4UZwjOcG757PPvrfhxcLFbq0wpsgpOqxpxtxFiCG4DtG93M6XRVbF2oGdev7bg==",
      "requires": {
        "global-prefix": "^1.0.1",
        "is-windows": "^1.0.1",
        "resolve-dir": "^1.0.0"
      }
    },
    "global-prefix": {
      "version": "1.0.2",
      "resolved": "https://registry.npmjs.org/global-prefix/-/global-prefix-1.0.2.tgz",
      "integrity": "sha1-2/dDxsFJklk8ZVVoy2btMsASLr4=",
      "requires": {
        "expand-tilde": "^2.0.2",
        "homedir-polyfill": "^1.0.1",
        "ini": "^1.3.4",
        "is-windows": "^1.0.1",
        "which": "^1.2.14"
      }
    },
    "homedir-polyfill": {
      "version": "1.0.3",
      "resolved": "https://registry.npmjs.org/homedir-polyfill/-/homedir-polyfill-1.0.3.tgz",
      "integrity": "sha512-eSmmWE5bZTK2Nou4g0AI3zZ9rswp7GRKoKXS1BLUkvPviOqs4YTN1djQIqrXy9k5gEtdLPy86JjRwsNM9tnDcA==",
      "requires": {
        "parse-passwd": "^1.0.0"
      }
    },
    "ini": {
      "version": "1.3.8",
      "resolved": "https://registry.npmjs.org/ini/-/ini-1.3.8.tgz",
      "integrity": "sha512-JV/yugV2uzW5iMRSiZAyDtQd+nxtUnjeLt0acNdw98kKLrvuRVyB80tsREOE7yvGVgalhZ6RNXCmEHkUKBKxew=="
    },
    "is-extglob": {
      "version": "2.1.1",
      "resolved": "https://registry.npmjs.org/is-extglob/-/is-extglob-2.1.1.tgz",
      "integrity": "sha1-qIwCU1eR8C7TfHahueqXc8gz+MI="
    },
    "is-glob": {
      "version": "4.0.1",
      "resolved": "https://registry.npmjs.org/is-glob/-/is-glob-4.0.1.tgz",
      "integrity": "sha512-5G0tKtBTFImOqDnLB2hG6Bp2qcKEFduo4tZu9MT/H6NQv/ghhy30o55ufafxJ/LdH79LLs2Kfrn85TLKyA7BUg==",
      "requires": {
        "is-extglob": "^2.1.1"
      }
    },
    "is-number": {
      "version": "7.0.0",
      "resolved": "https://registry.npmjs.org/is-number/-/is-number-7.0.0.tgz",
      "integrity": "sha512-41Cifkg6e8TylSpdtTpeLVMqvSBEVzTttHvERD741+pnZ8ANv0004MRL43QKPDlK9cGvNp6NZWZUBlbGXYxxng=="
    },
    "is-windows": {
      "version": "1.0.2",
      "resolved": "https://registry.npmjs.org/is-windows/-/is-windows-1.0.2.tgz",
      "integrity": "sha512-eXK1UInq2bPmjyX6e3VHIzMLobc4J94i4AWn+Hpq3OU5KkrRC96OAcR3PRJ/pGu6m8TRnBHP9dkXQVsT/COVIA=="
    },
    "isexe": {
      "version": "2.0.0",
      "resolved": "https://registry.npmjs.org/isexe/-/isexe-2.0.0.tgz",
      "integrity": "sha1-6PvzdNxVb/iUehDcsFctYz8s+hA="
    },
    "micromatch": {
      "version": "4.0.4",
      "resolved": "https://registry.npmjs.org/micromatch/-/micromatch-4.0.4.tgz",
      "integrity": "sha512-pRmzw/XUcwXGpD9aI9q/0XOwLNygjETJ8y0ao0wdqprrzDa4YnxLcz7fQRZr8voh8V10kGhABbNcHVk5wHgWwg==",
      "requires": {
        "braces": "^3.0.1",
        "picomatch": "^2.2.3"
      }
    },
    "nopt": {
      "version": "5.0.0",
      "resolved": "https://registry.npmjs.org/nopt/-/nopt-5.0.0.tgz",
      "integrity": "sha512-Tbj67rffqceeLpcRXrT7vKAN8CwfPeIBgM7E6iBkmKLV7bEMwpGgYLGv0jACUsECaa/vuxP0IjEont6umdMgtQ==",
      "requires": {
        "abbrev": "1"
      }
    },
    "parse-passwd": {
      "version": "1.0.0",
      "resolved": "https://registry.npmjs.org/parse-passwd/-/parse-passwd-1.0.0.tgz",
      "integrity": "sha1-bVuTSkVpk7I9N/QKOC1vFmao5cY="
    },
    "picomatch": {
      "version": "2.2.3",
      "resolved": "https://registry.npmjs.org/picomatch/-/picomatch-2.2.3.tgz",
      "integrity": "sha512-KpELjfwcCDUb9PeigTs2mBJzXUPzAuP2oPcA989He8Rte0+YUAjw1JVedDhuTKPkHjSYzMN3npC9luThGYEKdg=="
    },
    "pify": {
      "version": "2.3.0",
      "resolved": "https://registry.npmjs.org/pify/-/pify-2.3.0.tgz",
      "integrity": "sha1-7RQaasBDqEnqWISY59yosVMw6Qw="
    },
    "resolve-dir": {
      "version": "1.0.1",
      "resolved": "https://registry.npmjs.org/resolve-dir/-/resolve-dir-1.0.1.tgz",
      "integrity": "sha1-eaQGRMNivoLybv/nOcm7U4IEb0M=",
      "requires": {
        "expand-tilde": "^2.0.0",
        "global-modules": "^1.0.0"
      }
    },
    "to-regex-range": {
      "version": "5.0.1",
      "resolved": "https://registry.npmjs.org/to-regex-range/-/to-regex-range-5.0.1.tgz",
      "integrity": "sha512-65P7iz6X5yEr1cwcgvQxbbIw7Uk3gOy5dIdtZ4rDveLqhrdJP+Li/Hx6tyK0NEb+2GCyneCMJiGqrADCSNk8sQ==",
      "requires": {
        "is-number": "^7.0.0"
      }
    },
    "which": {
      "version": "1.3.1",
      "resolved": "https://registry.npmjs.org/which/-/which-1.3.1.tgz",
      "integrity": "sha512-HxJdYWq1MTIQbJ3nw0cqssHoTNU267KlrDuGZ1WYlxDStUtKUhOaJmh112/TZmHxxUfuJqPXSOm7tDyas0OSIQ==",
      "requires": {
        "isexe": "^2.0.0"
      }
    }
  }
}
